
Microsoft Visual Studio Solution File, Format Version 12.00
# Visual Studio 15
VisualStudioVersion = 15.0.28307.271
MinimumVisualStudioVersion = 10.0.40219.1
Project("{FAE04EC0-301F-11D3-BF4B-00C04F79EFBC}") = "ClothingManager", "ClothingManager\ClothingManager.csproj", "{B730A61E-7D8C-49BB-86E9-14ACFDE316AD}"
EndProject
Global
	GlobalSection(SolutionConfigurationPlatforms) = preSolution
		Debug|Any CPU = Debug|Any CPU
		Release|Any CPU = Release|Any CPU
	EndGlobalSection
	GlobalSection(ProjectConfigurationPlatforms) = postSolution
		{B730A61E-7D8C-49BB-86E9-14ACFDE316AD}.Debug|Any CPU.ActiveCfg = Debug|Any CPU
		{B730A61E-7D8C-49BB-86E9-14ACFDE316AD}.Debug|Any CPU.Build.0 = Debug|Any CPU
		{B730A61E-7D8C-49BB-86E9-14ACFDE316AD}.Release|Any CPU.ActiveCfg = Release|Any CPU
		{B730A61E-7D8C-49BB-86E9-14ACFDE316AD}.Release|Any CPU.Build.0 = Release|Any CPU
	EndGlobalSection
	GlobalSection(SolutionProperties) = preSolution
		HideSolutionNode = FALSE
	EndGlobalSection
	GlobalSection(ExtensibilityGlobals) = postSolution
		SolutionGuid = {8FA1E691-D9D1-4F24-83B6-C18252C9051A}
	EndGlobalSection
EndGlobal
